
Microsoft Visual Studio Solution File, Format Version 12.00
# Visual Studio Version 16
VisualStudioVersion = 16.0.29920.165
MinimumVisualStudioVersion = 10.0.40219.1
Project("{FAE04EC0-301F-11D3-BF4B-00C04F79EFBC}") = "FactoryPatternsSample", "FactoryMethodPatternSample\FactoryPatternsSample.csproj", "{57F9F57F-40A8-4D79-BF2F-E88EDE51721E}"
EndProject
Global
	GlobalSection(SolutionConfigurationPlatforms) = preSolution
		Debug|Any CPU = Debug|Any CPU
		Release|Any CPU = Release|Any CPU
	EndGlobalSection
	GlobalSection(ProjectConfigurationPlatforms) = postSolution
		{57F9F57F-40A8-4D79-BF2F-E88EDE51721E}.Debug|Any CPU.ActiveCfg = Debug|Any CPU
		{57F9F57F-40A8-4D79-BF2F-E88EDE51721E}.Debug|Any CPU.Build.0 = Debug|Any CPU
		{57F9F57F-40A8-4D79-BF2F-E88EDE51721E}.Release|Any CPU.ActiveCfg = Release|Any CPU
		{57F9F57F-40A8-4D79-BF2F-E88EDE51721E}.Release|Any CPU.Build.0 = Release|Any CPU
	EndGlobalSection
	GlobalSection(SolutionProperties) = preSolution
		HideSolutionNode = FALSE
	EndGlobalSection
	GlobalSection(ExtensibilityGlobals) = postSolution
		SolutionGuid = {B8C34658-4233-43FF-81BA-8EDB2AFE54F8}
	EndGlobalSection
EndGlobal
